
Microsoft Visual Studio Solution File, Format Version 12.00
# Visual Studio 2013
VisualStudioVersion = 12.0.21005.1
MinimumVisualStudioVersion = 10.0.40219.1
Project("{FAE04EC0-301F-11D3-BF4B-00C04F79EFBC}") = "Game", "Game\Game.csproj", "{017CBEF2-AD71-4D14-A04F-DDD57C27A98F}"
EndProject
Project("{FAE04EC0-301F-11D3-BF4B-00C04F79EFBC}") = "Game.Tests", "Game.Tests\Game.Tests.csproj", "{4FE8EE3D-4F69-4D30-8D84-EEEC6CE3180B}"
EndProject
Project("{FAE04EC0-301F-11D3-BF4B-00C04F79EFBC}") = "ViewModel", "ViewModel\ViewModel.csproj", "{DFC05F7A-3688-40E3-B417-1584A062BBB1}"
EndProject
Project("{FAE04EC0-301F-11D3-BF4B-00C04F79EFBC}") = "ViewModel.Tests", "ViewModel.Tests\ViewModel.Tests.csproj", "{F1DDDC95-4C2C-4C6B-AE17-5285C621BF58}"
EndProject
Project("{FAE04EC0-301F-11D3-BF4B-00C04F79EFBC}") = "Geometry", "Geometry\Geometry.csproj", "{9093D621-8382-4390-8BAE-2157F8F9B267}"
EndProject
Project("{FAE04EC0-301F-11D3-BF4B-00C04F79EFBC}") = "Geometry.Tests", "Geometry.Tests\Geometry.Tests.csproj", "{0C59F8AA-FAAE-4323-B2E2-1052666B240A}"
EndProject
Project("{FAE04EC0-301F-11D3-BF4B-00C04F79EFBC}") = "WpfView", "WpfView\WpfView.csproj", "{3758A60E-E71F-4B21-9542-9904040EBE48}"
EndProject
Project("{FAE04EC0-301F-11D3-BF4B-00C04F79EFBC}") = "ViewInterface", "ViewInterface\ViewInterface.csproj", "{04A45286-6A72-47FC-A4FE-4B74A2553BD4}"
EndProject
Project("{FAE04EC0-301F-11D3-BF4B-00C04F79EFBC}") = "WpfView.Tests", "WpfView.Tests\WpfView.Tests.csproj", "{BD9FAAB7-8E55-43F4-B81F-8781DB1CD609}"
EndProject
Project("{FAE04EC0-301F-11D3-BF4B-00C04F79EFBC}") = "WpfGameView", "WpfGameView\WpfGameView.csproj", "{2DCC440A-10BD-4C37-A820-5DC345314330}"
EndProject
Global
	GlobalSection(SolutionConfigurationPlatforms) = preSolution
		Debug|Any CPU = Debug|Any CPU
		Release|Any CPU = Release|Any CPU
	EndGlobalSection
	GlobalSection(ProjectConfigurationPlatforms) = postSolution
		{017CBEF2-AD71-4D14-A04F-DDD57C27A98F}.Debug|Any CPU.ActiveCfg = Debug|Any CPU
		{017CBEF2-AD71-4D14-A04F-DDD57C27A98F}.Debug|Any CPU.Build.0 = Debug|Any CPU
		{017CBEF2-AD71-4D14-A04F-DDD57C27A98F}.Release|Any CPU.ActiveCfg = Release|Any CPU
		{017CBEF2-AD71-4D14-A04F-DDD57C27A98F}.Release|Any CPU.Build.0 = Release|Any CPU
		{4FE8EE3D-4F69-4D30-8D84-EEEC6CE3180B}.Debug|Any CPU.ActiveCfg = Debug|Any CPU
		{4FE8EE3D-4F69-4D30-8D84-EEEC6CE3180B}.Debug|Any CPU.Build.0 = Debug|Any CPU
		{4FE8EE3D-4F69-4D30-8D84-EEEC6CE3180B}.Release|Any CPU.ActiveCfg = Release|Any CPU
		{4FE8EE3D-4F69-4D30-8D84-EEEC6CE3180B}.Release|Any CPU.Build.0 = Release|Any CPU
		{DFC05F7A-3688-40E3-B417-1584A062BBB1}.Debug|Any CPU.ActiveCfg = Debug|Any CPU
		{DFC05F7A-3688-40E3-B417-1584A062BBB1}.Debug|Any CPU.Build.0 = Debug|Any CPU
		{DFC05F7A-3688-40E3-B417-1584A062BBB1}.Release|Any CPU.ActiveCfg = Release|Any CPU
		{DFC05F7A-3688-40E3-B417-1584A062BBB1}.Release|Any CPU.Build.0 = Release|Any CPU
		{F1DDDC95-4C2C-4C6B-AE17-5285C621BF58}.Debug|Any CPU.ActiveCfg = Debug|Any CPU
		{F1DDDC95-4C2C-4C6B-AE17-5285C621BF58}.Debug|Any CPU.Build.0 = Debug|Any CPU
		{F1DDDC95-4C2C-4C6B-AE17-5285C621BF58}.Release|Any CPU.ActiveCfg = Release|Any CPU
		{F1DDDC95-4C2C-4C6B-AE17-5285C621BF58}.Release|Any CPU.Build.0 = Release|Any CPU
		{9093D621-8382-4390-8BAE-2157F8F9B267}.Debug|Any CPU.ActiveCfg = Debug|Any CPU
		{9093D621-8382-4390-8BAE-2157F8F9B267}.Debug|Any CPU.Build.0 = Debug|Any CPU
		{9093D621-8382-4390-8BAE-2157F8F9B267}.Release|Any CPU.ActiveCfg = Release|Any CPU
		{9093D621-8382-4390-8BAE-2157F8F9B267}.Release|Any CPU.Build.0 = Release|Any CPU
		{0C59F8AA-FAAE-4323-B2E2-1052666B240A}.Debug|Any CPU.ActiveCfg = Debug|Any CPU
		{0C59F8AA-FAAE-4323-B2E2-1052666B240A}.Debug|Any CPU.Build.0 = Debug|Any CPU
		{0C59F8AA-FAAE-4323-B2E2-1052666B240A}.Release|Any CPU.ActiveCfg = Release|Any CPU
		{0C59F8AA-FAAE-4323-B2E2-1052666B240A}.Release|Any CPU.Build.0 = Release|Any CPU
		{3758A60E-E71F-4B21-9542-9904040EBE48}.Debug|Any CPU.ActiveCfg = Debug|Any CPU
		{3758A60E-E71F-4B21-9542-9904040EBE48}.Debug|Any CPU.Build.0 = Debug|Any CPU
		{3758A60E-E71F-4B21-9542-9904040EBE48}.Release|Any CPU.ActiveCfg = Release|Any CPU
		{3758A60E-E71F-4B21-9542-9904040EBE48}.Release|Any CPU.Build.0 = Release|Any CPU
		{04A45286-6A72-47FC-A4FE-4B74A2553BD4}.Debug|Any CPU.ActiveCfg = Debug|Any CPU
		{04A45286-6A72-47FC-A4FE-4B74A2553BD4}.Debug|Any CPU.Build.0 = Debug|Any CPU
		{04A45286-6A72-47FC-A4FE-4B74A2553BD4}.Release|Any CPU.ActiveCfg = Release|Any CPU
		{04A45286-6A72-47FC-A4FE-4B74A2553BD4}.Release|Any CPU.Build.0 = Release|Any CPU
		{BD9FAAB7-8E55-43F4-B81F-8781DB1CD609}.Debug|Any CPU.ActiveCfg = Debug|Any CPU
		{BD9FAAB7-8E55-43F4-B81F-8781DB1CD609}.Debug|Any CPU.Build.0 = Debug|Any CPU
		{BD9FAAB7-8E55-43F4-B81F-8781DB1CD609}.Release|Any CPU.ActiveCfg = Release|Any CPU
		{BD9FAAB7-8E55-43F4-B81F-8781DB1CD609}.Release|Any CPU.Build.0 = Release|Any CPU
		{2DCC440A-10BD-4C37-A820-5DC345314330}.Debug|Any CPU.ActiveCfg = Debug|Any CPU
		{2DCC440A-10BD-4C37-A820-5DC345314330}.Debug|Any CPU.Build.0 = Debug|Any CPU
		{2DCC440A-10BD-4C37-A820-5DC345314330}.Release|Any CPU.ActiveCfg = Release|Any CPU
		{2DCC440A-10BD-4C37-A820-5DC345314330}.Release|Any CPU.Build.0 = Release|Any CPU
	EndGlobalSection
	GlobalSection(SolutionProperties) = preSolution
		HideSolutionNode = FALSE
	EndGlobalSection
EndGlobal
