
Microsoft Visual Studio Solution File, Format Version 12.00
# Visual Studio 2013
VisualStudioVersion = 12.0.21005.1
MinimumVisualStudioVersion = 10.0.40219.1
Project("{FAE04EC0-301F-11D3-BF4B-00C04F79EFBC}") = "Game", "Game\Game.csproj", "{017CBEF2-AD71-4D14-A04F-DDD57C27A98F}"
EndProject
Project("{FAE04EC0-301F-11D3-BF4B-00C04F79EFBC}") = "Game.Tests", "Game.Tests\Game.Tests.csproj", "{4FE8EE3D-4F69-4D30-8D84-EEEC6CE3180B}"
EndProject
Project("{FAE04EC0-301F-11D3-BF4B-00C04F79EFBC}") = "ViewModel", "ViewModel\ViewModel.csproj", "{DFC05F7A-3688-40E3-B417-1584A062BBB1}"
EndProject
Project("{FAE04EC0-301F-11D3-BF4B-00C04F79EFBC}") = "ViewModel.Tests", "ViewModel.Tests\ViewModel.Tests.csproj", "{F1DDDC95-4C2C-4C6B-AE17-5285C621BF58}"
EndProject
Project("{FAE04EC0-301F-11D3-BF4B-00C04F79EFBC}") = "Geometry", "Geometry\Geometry.csproj", "{9093D621-8382-4390-8BAE-2157F8F9B267}"
EndProject
Project("{FAE04EC0-301F-11D3-BF4B-00C04F79EFBC}") = "Geometry.Tests", "Geometry.Tests\Geometry.Tests.csproj", "{0C59F8AA-FAAE-4323-B2E2-1052666B240A}"
EndProject
Project("{FAE04EC0-301F-11D3-BF4B-00C04F79EFBC}") = "WpfView", "WpfView\WpfView.csproj", "{3758A60E-E71F-4B21-9542-9904040EBE48}"
EndProject
Project("{FAE04EC0-301F-11D3-BF4B-00C04F79EFBC}") = "ViewInterface", "ViewInterface\ViewInterface.csproj", "{04A45286-6A72-47FC-A4FE-4B74A2553BD4}"
EndProject
Project("{FAE04EC0-301F-11D3-BF4B-00C04F79EFBC}") = "WpfView.Tests", "WpfView.Tests\WpfView.Tests.csproj", "{BD9FAAB7-8E55-43F4-B81F-8781DB1CD609}"
EndProject
Project("{FAE04EC0-301F-11D3-BF4B-00C04F79EFBC}") = "WpfGameView", "WpfGameView\WpfGameView.csproj", "{2DCC440A-10BD-4C37-A820-5DC345314330}"
EndProject
Project("{FAE04EC0-301F-11D3-BF4B-00C04F79EFBC}") = "ConstructedGame", "ConstructedGame\ConstructedGame.csproj", "{135A28B7-E741-4D9D-92BE-A93488400456}"
EndProject
Project("{FAE04EC0-301F-11D3-BF4B-00C04F79EFBC}") = "NaturalNumbersMath", "NaturalNumbersMath\NaturalNumbersMath.csproj", "{8B91D960-85E6-4737-85EC-301E494FCB5F}"
EndProject
Project("{FAE04EC0-301F-11D3-BF4B-00C04F79EFBC}") = "NaturalNumbersMath.Tests", "NaturalNumbersMath.Tests\NaturalNumbersMath.Tests.csproj", "{CD937CBF-B5CC-49E5-BFAC-A48B7BE5BA75}"
EndProject
Project("{FAE04EC0-301F-11D3-BF4B-00C04F79EFBC}") = "Algorithms.Tests", "Algorithm.Tests\Algorithms.Tests.csproj", "{A4581188-AEB3-45BB-9936-2FDA63F25519}"
EndProject
Project("{FAE04EC0-301F-11D3-BF4B-00C04F79EFBC}") = "Algorithms", "Algorithm\Algorithms.csproj", "{32A175BE-A3AF-4020-9DE4-345FBA697103}"
EndProject
Project("{FAE04EC0-301F-11D3-BF4B-00C04F79EFBC}") = "SpaceFlight", "SpaceFlight\SpaceFlight.csproj", "{3FB76974-4C12-450C-854C-7A788C22F93D}"
EndProject
Project("{FAE04EC0-301F-11D3-BF4B-00C04F79EFBC}") = "SpaceFlight.Tests", "SpaceFlight.Tests\SpaceFlight.Tests.csproj", "{D743844B-AC96-421E-9E61-A46AB6F491AA}"
EndProject
Project("{FAE04EC0-301F-11D3-BF4B-00C04F79EFBC}") = "BlueprintBuildingViewModel", "BlueprintBuildingViewModel\BlueprintBuildingViewModel.csproj", "{8A2253FD-810A-4419-A4F6-B2CADD18EDF5}"
EndProject
Project("{FAE04EC0-301F-11D3-BF4B-00C04F79EFBC}") = "BlueprintBuildingViewModel.Tests", "BlueprintBuildingViewModel.Tests\BlueprintBuildingViewModel.Tests.csproj", "{11C9915B-63E5-4C2B-8AD7-8542F6A18891}"
EndProject
Global
	GlobalSection(SolutionConfigurationPlatforms) = preSolution
		Debug|Any CPU = Debug|Any CPU
		Release|Any CPU = Release|Any CPU
	EndGlobalSection
	GlobalSection(ProjectConfigurationPlatforms) = postSolution
		{017CBEF2-AD71-4D14-A04F-DDD57C27A98F}.Debug|Any CPU.ActiveCfg = Debug|Any CPU
		{017CBEF2-AD71-4D14-A04F-DDD57C27A98F}.Debug|Any CPU.Build.0 = Debug|Any CPU
		{017CBEF2-AD71-4D14-A04F-DDD57C27A98F}.Release|Any CPU.ActiveCfg = Release|Any CPU
		{017CBEF2-AD71-4D14-A04F-DDD57C27A98F}.Release|Any CPU.Build.0 = Release|Any CPU
		{4FE8EE3D-4F69-4D30-8D84-EEEC6CE3180B}.Debug|Any CPU.ActiveCfg = Debug|Any CPU
		{4FE8EE3D-4F69-4D30-8D84-EEEC6CE3180B}.Debug|Any CPU.Build.0 = Debug|Any CPU
		{4FE8EE3D-4F69-4D30-8D84-EEEC6CE3180B}.Release|Any CPU.ActiveCfg = Release|Any CPU
		{4FE8EE3D-4F69-4D30-8D84-EEEC6CE3180B}.Release|Any CPU.Build.0 = Release|Any CPU
		{DFC05F7A-3688-40E3-B417-1584A062BBB1}.Debug|Any CPU.ActiveCfg = Debug|Any CPU
		{DFC05F7A-3688-40E3-B417-1584A062BBB1}.Debug|Any CPU.Build.0 = Debug|Any CPU
		{DFC05F7A-3688-40E3-B417-1584A062BBB1}.Release|Any CPU.ActiveCfg = Release|Any CPU
		{DFC05F7A-3688-40E3-B417-1584A062BBB1}.Release|Any CPU.Build.0 = Release|Any CPU
		{F1DDDC95-4C2C-4C6B-AE17-5285C621BF58}.Debug|Any CPU.ActiveCfg = Debug|Any CPU
		{F1DDDC95-4C2C-4C6B-AE17-5285C621BF58}.Debug|Any CPU.Build.0 = Debug|Any CPU
		{F1DDDC95-4C2C-4C6B-AE17-5285C621BF58}.Release|Any CPU.ActiveCfg = Release|Any CPU
		{F1DDDC95-4C2C-4C6B-AE17-5285C621BF58}.Release|Any CPU.Build.0 = Release|Any CPU
		{9093D621-8382-4390-8BAE-2157F8F9B267}.Debug|Any CPU.ActiveCfg = Debug|Any CPU
		{9093D621-8382-4390-8BAE-2157F8F9B267}.Debug|Any CPU.Build.0 = Debug|Any CPU
		{9093D621-8382-4390-8BAE-2157F8F9B267}.Release|Any CPU.ActiveCfg = Release|Any CPU
		{9093D621-8382-4390-8BAE-2157F8F9B267}.Release|Any CPU.Build.0 = Release|Any CPU
		{0C59F8AA-FAAE-4323-B2E2-1052666B240A}.Debug|Any CPU.ActiveCfg = Debug|Any CPU
		{0C59F8AA-FAAE-4323-B2E2-1052666B240A}.Debug|Any CPU.Build.0 = Debug|Any CPU
		{0C59F8AA-FAAE-4323-B2E2-1052666B240A}.Release|Any CPU.ActiveCfg = Release|Any CPU
		{0C59F8AA-FAAE-4323-B2E2-1052666B240A}.Release|Any CPU.Build.0 = Release|Any CPU
		{3758A60E-E71F-4B21-9542-9904040EBE48}.Debug|Any CPU.ActiveCfg = Debug|Any CPU
		{3758A60E-E71F-4B21-9542-9904040EBE48}.Debug|Any CPU.Build.0 = Debug|Any CPU
		{3758A60E-E71F-4B21-9542-9904040EBE48}.Release|Any CPU.ActiveCfg = Release|Any CPU
		{3758A60E-E71F-4B21-9542-9904040EBE48}.Release|Any CPU.Build.0 = Release|Any CPU
		{04A45286-6A72-47FC-A4FE-4B74A2553BD4}.Debug|Any CPU.ActiveCfg = Debug|Any CPU
		{04A45286-6A72-47FC-A4FE-4B74A2553BD4}.Debug|Any CPU.Build.0 = Debug|Any CPU
		{04A45286-6A72-47FC-A4FE-4B74A2553BD4}.Release|Any CPU.ActiveCfg = Release|Any CPU
		{04A45286-6A72-47FC-A4FE-4B74A2553BD4}.Release|Any CPU.Build.0 = Release|Any CPU
		{BD9FAAB7-8E55-43F4-B81F-8781DB1CD609}.Debug|Any CPU.ActiveCfg = Debug|Any CPU
		{BD9FAAB7-8E55-43F4-B81F-8781DB1CD609}.Debug|Any CPU.Build.0 = Debug|Any CPU
		{BD9FAAB7-8E55-43F4-B81F-8781DB1CD609}.Release|Any CPU.ActiveCfg = Release|Any CPU
		{BD9FAAB7-8E55-43F4-B81F-8781DB1CD609}.Release|Any CPU.Build.0 = Release|Any CPU
		{2DCC440A-10BD-4C37-A820-5DC345314330}.Debug|Any CPU.ActiveCfg = Debug|Any CPU
		{2DCC440A-10BD-4C37-A820-5DC345314330}.Debug|Any CPU.Build.0 = Debug|Any CPU
		{2DCC440A-10BD-4C37-A820-5DC345314330}.Release|Any CPU.ActiveCfg = Release|Any CPU
		{2DCC440A-10BD-4C37-A820-5DC345314330}.Release|Any CPU.Build.0 = Release|Any CPU
		{135A28B7-E741-4D9D-92BE-A93488400456}.Debug|Any CPU.ActiveCfg = Debug|Any CPU
		{135A28B7-E741-4D9D-92BE-A93488400456}.Debug|Any CPU.Build.0 = Debug|Any CPU
		{135A28B7-E741-4D9D-92BE-A93488400456}.Release|Any CPU.ActiveCfg = Release|Any CPU
		{135A28B7-E741-4D9D-92BE-A93488400456}.Release|Any CPU.Build.0 = Release|Any CPU
		{8B91D960-85E6-4737-85EC-301E494FCB5F}.Debug|Any CPU.ActiveCfg = Debug|Any CPU
		{8B91D960-85E6-4737-85EC-301E494FCB5F}.Debug|Any CPU.Build.0 = Debug|Any CPU
		{8B91D960-85E6-4737-85EC-301E494FCB5F}.Release|Any CPU.ActiveCfg = Release|Any CPU
		{8B91D960-85E6-4737-85EC-301E494FCB5F}.Release|Any CPU.Build.0 = Release|Any CPU
		{CD937CBF-B5CC-49E5-BFAC-A48B7BE5BA75}.Debug|Any CPU.ActiveCfg = Debug|Any CPU
		{CD937CBF-B5CC-49E5-BFAC-A48B7BE5BA75}.Debug|Any CPU.Build.0 = Debug|Any CPU
		{CD937CBF-B5CC-49E5-BFAC-A48B7BE5BA75}.Release|Any CPU.ActiveCfg = Release|Any CPU
		{CD937CBF-B5CC-49E5-BFAC-A48B7BE5BA75}.Release|Any CPU.Build.0 = Release|Any CPU
		{A4581188-AEB3-45BB-9936-2FDA63F25519}.Debug|Any CPU.ActiveCfg = Debug|Any CPU
		{A4581188-AEB3-45BB-9936-2FDA63F25519}.Debug|Any CPU.Build.0 = Debug|Any CPU
		{A4581188-AEB3-45BB-9936-2FDA63F25519}.Release|Any CPU.ActiveCfg = Release|Any CPU
		{A4581188-AEB3-45BB-9936-2FDA63F25519}.Release|Any CPU.Build.0 = Release|Any CPU
		{32A175BE-A3AF-4020-9DE4-345FBA697103}.Debug|Any CPU.ActiveCfg = Debug|Any CPU
		{32A175BE-A3AF-4020-9DE4-345FBA697103}.Debug|Any CPU.Build.0 = Debug|Any CPU
		{32A175BE-A3AF-4020-9DE4-345FBA697103}.Release|Any CPU.ActiveCfg = Release|Any CPU
		{32A175BE-A3AF-4020-9DE4-345FBA697103}.Release|Any CPU.Build.0 = Release|Any CPU
		{3FB76974-4C12-450C-854C-7A788C22F93D}.Debug|Any CPU.ActiveCfg = Debug|Any CPU
		{3FB76974-4C12-450C-854C-7A788C22F93D}.Debug|Any CPU.Build.0 = Debug|Any CPU
		{3FB76974-4C12-450C-854C-7A788C22F93D}.Release|Any CPU.ActiveCfg = Release|Any CPU
		{3FB76974-4C12-450C-854C-7A788C22F93D}.Release|Any CPU.Build.0 = Release|Any CPU
		{D743844B-AC96-421E-9E61-A46AB6F491AA}.Debug|Any CPU.ActiveCfg = Debug|Any CPU
		{D743844B-AC96-421E-9E61-A46AB6F491AA}.Debug|Any CPU.Build.0 = Debug|Any CPU
		{D743844B-AC96-421E-9E61-A46AB6F491AA}.Release|Any CPU.ActiveCfg = Release|Any CPU
		{D743844B-AC96-421E-9E61-A46AB6F491AA}.Release|Any CPU.Build.0 = Release|Any CPU
		{8A2253FD-810A-4419-A4F6-B2CADD18EDF5}.Debug|Any CPU.ActiveCfg = Debug|Any CPU
		{8A2253FD-810A-4419-A4F6-B2CADD18EDF5}.Debug|Any CPU.Build.0 = Debug|Any CPU
		{8A2253FD-810A-4419-A4F6-B2CADD18EDF5}.Release|Any CPU.ActiveCfg = Release|Any CPU
		{8A2253FD-810A-4419-A4F6-B2CADD18EDF5}.Release|Any CPU.Build.0 = Release|Any CPU
		{11C9915B-63E5-4C2B-8AD7-8542F6A18891}.Debug|Any CPU.ActiveCfg = Debug|Any CPU
		{11C9915B-63E5-4C2B-8AD7-8542F6A18891}.Debug|Any CPU.Build.0 = Debug|Any CPU
		{11C9915B-63E5-4C2B-8AD7-8542F6A18891}.Release|Any CPU.ActiveCfg = Release|Any CPU
		{11C9915B-63E5-4C2B-8AD7-8542F6A18891}.Release|Any CPU.Build.0 = Release|Any CPU
	EndGlobalSection
	GlobalSection(SolutionProperties) = preSolution
		HideSolutionNode = FALSE
	EndGlobalSection
EndGlobal
